
Microsoft Visual Studio Solution File, Format Version 12.00
# Visual Studio 15
VisualStudioVersion = 15.0.28307.329
MinimumVisualStudioVersion = 10.0.40219.1
Project("{FAE04EC0-301F-11D3-BF4B-00C04F79EFBC}") = "Test5", "Test5\Test5.csproj", "{BF3100AB-3633-4117-97E5-1D61A916E1BF}"
EndProject
Project("{FAE04EC0-301F-11D3-BF4B-00C04F79EFBC}") = "Test5.Test", "Test5.Test\Test5.Test.csproj", "{4A337DD5-2712-43F3-9958-76F3564FED92}"
EndProject
Global
	GlobalSection(SolutionConfigurationPlatforms) = preSolution
		Debug|Any CPU = Debug|Any CPU
		Release|Any CPU = Release|Any CPU
	EndGlobalSection
	GlobalSection(ProjectConfigurationPlatforms) = postSolution
		{BF3100AB-3633-4117-97E5-1D61A916E1BF}.Debug|Any CPU.ActiveCfg = Debug|Any CPU
		{BF3100AB-3633-4117-97E5-1D61A916E1BF}.Debug|Any CPU.Build.0 = Debug|Any CPU
		{BF3100AB-3633-4117-97E5-1D61A916E1BF}.Release|Any CPU.ActiveCfg = Release|Any CPU
		{BF3100AB-3633-4117-97E5-1D61A916E1BF}.Release|Any CPU.Build.0 = Release|Any CPU
		{4A337DD5-2712-43F3-9958-76F3564FED92}.Debug|Any CPU.ActiveCfg = Debug|Any CPU
		{4A337DD5-2712-43F3-9958-76F3564FED92}.Debug|Any CPU.Build.0 = Debug|Any CPU
		{4A337DD5-2712-43F3-9958-76F3564FED92}.Release|Any CPU.ActiveCfg = Release|Any CPU
		{4A337DD5-2712-43F3-9958-76F3564FED92}.Release|Any CPU.Build.0 = Release|Any CPU
	EndGlobalSection
	GlobalSection(SolutionProperties) = preSolution
		HideSolutionNode = FALSE
	EndGlobalSection
	GlobalSection(ExtensibilityGlobals) = postSolution
		SolutionGuid = {33C7ECF0-B277-4C0C-8EC0-C36394830885}
	EndGlobalSection
EndGlobal
